{
  "originHash" : "f5f6a78a0b745b880a369c85609a80cebd4a15b04ac6634d615c9a67ce900020",
  "pins" : [
    {
      "identity" : "plate",
      "kind" : "remoteSourceControl",
      "location" : "https://github.com/leviouwendijk/plate.git",
      "state" : {
        "branch" : "master",
        "revision" : "5241d0b9aeb573e40f5c3eccbeb6a6e604089937"
      }
    }
  ],
  "version" : 3
}
